{
  "originHash" : "67e73624e813001b3a7559bf892e82ff6caae5ad82a0b8dfa9fb9302417b5c42",
  "pins" : [
    {
      "identity" : "emojipicker",
      "kind" : "remoteSourceControl",
      "location" : "https://github.com/htmlprogrammist/EmojiPicker.git",
      "state" : {
        "revision" : "6018bd985b01d2355a635569cc702e8a337ed0a1",
        "version" : "3.0.9"
      }
    }
  ],
  "version" : 3
}
